
Microsoft Visual Studio Solution File, Format Version 12.00
# Visual Studio Version 17
VisualStudioVersion = 17.3.32819.101
MinimumVisualStudioVersion = 10.0.40219.1
Project("{FAE04EC0-301F-11D3-BF4B-00C04F79EFBC}") = "DockerPOC", "DockerPOC.csproj", "{78A6D094-4D98-43B7-B3CC-98BAF1D7FD6F}"
EndProject
Global
	GlobalSection(SolutionConfigurationPlatforms) = preSolution
		Debug|Any CPU = Debug|Any CPU
		Release|Any CPU = Release|Any CPU
	EndGlobalSection
	GlobalSection(ProjectConfigurationPlatforms) = postSolution
		{78A6D094-4D98-43B7-B3CC-98BAF1D7FD6F}.Debug|Any CPU.ActiveCfg = Debug|Any CPU
		{78A6D094-4D98-43B7-B3CC-98BAF1D7FD6F}.Debug|Any CPU.Build.0 = Debug|Any CPU
		{78A6D094-4D98-43B7-B3CC-98BAF1D7FD6F}.Release|Any CPU.ActiveCfg = Release|Any CPU
		{78A6D094-4D98-43B7-B3CC-98BAF1D7FD6F}.Release|Any CPU.Build.0 = Release|Any CPU
	EndGlobalSection
	GlobalSection(SolutionProperties) = preSolution
		HideSolutionNode = FALSE
	EndGlobalSection
	GlobalSection(ExtensibilityGlobals) = postSolution
		SolutionGuid = {71D0751D-0077-4C28-9375-A42E09BAC2BA}
	EndGlobalSection
EndGlobal
